
Microsoft Visual Studio Solution File, Format Version 12.00
# Visual Studio Version 17
VisualStudioVersion = 17.14.36401.2
MinimumVisualStudioVersion = 10.0.40219.1
Project("{FAE04EC0-301F-11D3-BF4B-00C04F79EFBC}") = "Capa presentacion", "Capa presentacion.csproj", "{66C258E1-5642-4155-9D5C-99727E65BEA4}"
EndProject
Project("{FAE04EC0-301F-11D3-BF4B-00C04F79EFBC}") = "Capanegocios", "..\Capanegocios\Capanegocios.csproj", "{5C4F52DC-BD65-4AAF-8673-B1A8F8783FF5}"
EndProject
Project("{FAE04EC0-301F-11D3-BF4B-00C04F79EFBC}") = "Capadato", "..\Capadato\Capadato.csproj", "{71E84165-26C1-4281-88F2-ED8379F0CE26}"
EndProject
Global
	GlobalSection(SolutionConfigurationPlatforms) = preSolution
		Debug|Any CPU = Debug|Any CPU
		Release|Any CPU = Release|Any CPU
	EndGlobalSection
	GlobalSection(ProjectConfigurationPlatforms) = postSolution
		{66C258E1-5642-4155-9D5C-99727E65BEA4}.Debug|Any CPU.ActiveCfg = Debug|Any CPU
		{66C258E1-5642-4155-9D5C-99727E65BEA4}.Debug|Any CPU.Build.0 = Debug|Any CPU
		{66C258E1-5642-4155-9D5C-99727E65BEA4}.Release|Any CPU.ActiveCfg = Release|Any CPU
		{66C258E1-5642-4155-9D5C-99727E65BEA4}.Release|Any CPU.Build.0 = Release|Any CPU
		{5C4F52DC-BD65-4AAF-8673-B1A8F8783FF5}.Debug|Any CPU.ActiveCfg = Debug|Any CPU
		{5C4F52DC-BD65-4AAF-8673-B1A8F8783FF5}.Debug|Any CPU.Build.0 = Debug|Any CPU
		{5C4F52DC-BD65-4AAF-8673-B1A8F8783FF5}.Release|Any CPU.ActiveCfg = Release|Any CPU
		{5C4F52DC-BD65-4AAF-8673-B1A8F8783FF5}.Release|Any CPU.Build.0 = Release|Any CPU
		{71E84165-26C1-4281-88F2-ED8379F0CE26}.Debug|Any CPU.ActiveCfg = Debug|Any CPU
		{71E84165-26C1-4281-88F2-ED8379F0CE26}.Debug|Any CPU.Build.0 = Debug|Any CPU
		{71E84165-26C1-4281-88F2-ED8379F0CE26}.Release|Any CPU.ActiveCfg = Release|Any CPU
		{71E84165-26C1-4281-88F2-ED8379F0CE26}.Release|Any CPU.Build.0 = Release|Any CPU
	EndGlobalSection
	GlobalSection(SolutionProperties) = preSolution
		HideSolutionNode = FALSE
	EndGlobalSection
	GlobalSection(ExtensibilityGlobals) = postSolution
		SolutionGuid = {75D74970-0B3C-47E9-B79F-DCA144866192}
	EndGlobalSection
EndGlobal
